
Microsoft Visual Studio Solution File, Format Version 12.00
# Visual Studio 15
VisualStudioVersion = 15.0.27130.2010
MinimumVisualStudioVersion = 10.0.40219.1
Project("{9A19103F-16F7-4668-BE54-9A1E7A4F7556}") = "Nanomite.Common", "Nanomite.Common\Nanomite.Common.csproj", "{0CAEC4F5-C829-4D41-B515-52BF5D77FE3C}"
EndProject
Global
	GlobalSection(SolutionConfigurationPlatforms) = preSolution
		Debug|Any CPU = Debug|Any CPU
		Release|Any CPU = Release|Any CPU
	EndGlobalSection
	GlobalSection(ProjectConfigurationPlatforms) = postSolution
		{0CAEC4F5-C829-4D41-B515-52BF5D77FE3C}.Debug|Any CPU.ActiveCfg = Debug|Any CPU
		{0CAEC4F5-C829-4D41-B515-52BF5D77FE3C}.Debug|Any CPU.Build.0 = Debug|Any CPU
		{0CAEC4F5-C829-4D41-B515-52BF5D77FE3C}.Release|Any CPU.ActiveCfg = Release|Any CPU
		{0CAEC4F5-C829-4D41-B515-52BF5D77FE3C}.Release|Any CPU.Build.0 = Release|Any CPU
	EndGlobalSection
	GlobalSection(SolutionProperties) = preSolution
		HideSolutionNode = FALSE
	EndGlobalSection
	GlobalSection(ExtensibilityGlobals) = postSolution
		SolutionGuid = {F4A1F6E3-83AE-4577-AC0F-616C6EA2F3E9}
	EndGlobalSection
EndGlobal
